// !$*UTF8*$!
{
	archiveVersion = 1;
	classes = {
	};
	objectVersion = 55;
	objects = {

/* Begin PBXBuildFile section */
		013AFF6228BC0BD400189F0A /* AppDelegate.swift in Sources */ = {isa = PBXBuildFile; fileRef = 013AFF6128BC0BD400189F0A /* AppDelegate.swift */; };
		013AFF6428BC0BD400189F0A /* SceneDelegate.swift in Sources */ = {isa = PBXBuildFile; fileRef = 013AFF6328BC0BD400189F0A /* SceneDelegate.swift */; };
		013AFF6628BC0BD400189F0A /* ViewController.swift in Sources */ = {isa = PBXBuildFile; fileRef = 013AFF6528BC0BD400189F0A /* ViewController.swift */; };
		013AFF6928BC0BD400189F0A /* Main.storyboard in Resources */ = {isa = PBXBuildFile; fileRef = 013AFF6728BC0BD400189F0A /* Main.storyboard */; };
		013AFF6B28BC0BD500189F0A /* Assets.xcassets in Resources */ = {isa = PBXBuildFile; fileRef = 013AFF6A28BC0BD500189F0A /* Assets.xcassets */; };
		013AFF6E28BC0BD500189F0A /* LaunchScreen.storyboard in Resources */ = {isa = PBXBuildFile; fileRef = 013AFF6C28BC0BD500189F0A /* LaunchScreen.storyboard */; };
		013AFF7628BC0D3800189F0A /* ToDo.swift in Sources */ = {isa = PBXBuildFile; fileRef = 013AFF7528BC0D3800189F0A /* ToDo.swift */; };
		013AFF7828BC11D300189F0A /* ToDoTableViewController.swift in Sources */ = {isa = PBXBuildFile; fileRef = 013AFF7728BC11D300189F0A /* ToDoTableViewController.swift */; };
		01BBBAE028BD5A0A000B0C74 /* SecondTableViewController.swift in Sources */ = {isa = PBXBuildFile; fileRef = 01BBBADF28BD5A0A000B0C74 /* SecondTableViewController.swift */; };
		01BBBAE228BD9226000B0C74 /* ToDoCell.swift in Sources */ = {isa = PBXBuildFile; fileRef = 01BBBAE128BD9226000B0C74 /* ToDoCell.swift */; };
/* End PBXBuildFile section */

/* Begin PBXFileReference section */
		013AFF5E28BC0BD400189F0A /* capstoneFinal1.app */ = {isa = PBXFileReference; explicitFileType = wrapper.application; includeInIndex = 0; path = capstoneFinal1.app; sourceTree = BUILT_PRODUCTS_DIR; };
		013AFF6128BC0BD400189F0A /* AppDelegate.swift */ = {isa = PBXFileReference; lastKnownFileType = sourcecode.swift; path = AppDelegate.swift; sourceTree = "<group>"; };
		013AFF6328BC0BD400189F0A /* SceneDelegate.swift */ = {isa = PBXFileReference; lastKnownFileType = sourcecode.swift; path = SceneDelegate.swift; sourceTree = "<group>"; };
		013AFF6528BC0BD400189F0A /* ViewController.swift */ = {isa = PBXFileReference; lastKnownFileType = sourcecode.swift; path = ViewController.swift; sourceTree = "<group>"; };
		013AFF6828BC0BD400189F0A /* Base */ = {isa = PBXFileReference; lastKnownFileType = file.storyboard; name = Base; path = Base.lproj/Main.storyboard; sourceTree = "<group>"; };
		013AFF6A28BC0BD500189F0A /* Assets.xcassets */ = {isa = PBXFileReference; lastKnownFileType = folder.assetcatalog; path = Assets.xcassets; sourceTree = "<group>"; };
		013AFF6D28BC0BD500189F0A /* Base */ = {isa = PBXFileReference; lastKnownFileType = file.storyboard; name = Base; path = Base.lproj/LaunchScreen.storyboard; sourceTree = "<group>"; };
		013AFF6F28BC0BD500189F0A /* Info.plist */ = {isa = PBXFileReference; lastKnownFileType = text.plist.xml; path = Info.plist; sourceTree = "<group>"; };
		013AFF7528BC0D3800189F0A /* ToDo.swift */ = {isa = PBXFileReference; lastKnownFileType = sourcecode.swift; path = ToDo.swift; sourceTree = "<group>"; };
		013AFF7728BC11D300189F0A /* ToDoTableViewController.swift */ = {isa = PBXFileReference; lastKnownFileType = sourcecode.swift; path = ToDoTableViewController.swift; sourceTree = "<group>"; };
		01BBBADF28BD5A0A000B0C74 /* SecondTableViewController.swift */ = {isa = PBXFileReference; lastKnownFileType = sourcecode.swift; path = SecondTableViewController.swift; sourceTree = "<group>"; };
		01BBBAE128BD9226000B0C74 /* ToDoCell.swift */ = {isa = PBXFileReference; lastKnownFileType = sourcecode.swift; path = ToDoCell.swift; sourceTree = "<group>"; };
/* End PBXFileReference section */

/* Begin PBXFrameworksBuildPhase section */
		013AFF5B28BC0BD400189F0A /* Frameworks */ = {
			isa = PBXFrameworksBuildPhase;
			buildActionMask = 2147483647;
			files = (
			);
			runOnlyForDeploymentPostprocessing = 0;
		};
/* End PBXFrameworksBuildPhase section */

/* Begin PBXGroup section */
		013AFF5528BC0BD400189F0A = {
			isa = PBXGroup;
			children = (
				013AFF6028BC0BD400189F0A /* capstoneFinal1 */,
				013AFF5F28BC0BD400189F0A /* Products */,
			);
			sourceTree = "<group>";
		};
		013AFF5F28BC0BD400189F0A /* Products */ = {
			isa = PBXGroup;
			children = (
				013AFF5E28BC0BD400189F0A /* capstoneFinal1.app */,
			);
			name = Products;
			sourceTree = "<group>";
		};
		013AFF6028BC0BD400189F0A /* capstoneFinal1 */ = {
			isa = PBXGroup;
			children = (
				013AFF6128BC0BD400189F0A /* AppDelegate.swift */,
				013AFF6328BC0BD400189F0A /* SceneDelegate.swift */,
				013AFF6528BC0BD400189F0A /* ViewController.swift */,
				013AFF7528BC0D3800189F0A /* ToDo.swift */,
				013AFF6728BC0BD400189F0A /* Main.storyboard */,
				01BBBAE128BD9226000B0C74 /* ToDoCell.swift */,
				013AFF7728BC11D300189F0A /* ToDoTableViewController.swift */,
				01BBBADF28BD5A0A000B0C74 /* SecondTableViewController.swift */,
				013AFF6A28BC0BD500189F0A /* Assets.xcassets */,
				013AFF6C28BC0BD500189F0A /* LaunchScreen.storyboard */,
				013AFF6F28BC0BD500189F0A /* Info.plist */,
			);
			path = capstoneFinal1;
			sourceTree = "<group>";
		};
/* End PBXGroup section */

/* Begin PBXNativeTarget section */
		013AFF5D28BC0BD400189F0A /* capstoneFinal1 */ = {
			isa = PBXNativeTarget;
			buildConfigurationList = 013AFF7228BC0BD500189F0A /* Build configuration list for PBXNativeTarget "capstoneFinal1" */;
			buildPhases = (
				013AFF5A28BC0BD400189F0A /* Sources */,
				013AFF5B28BC0BD400189F0A /* Frameworks */,
				013AFF5C28BC0BD400189F0A /* Resources */,
			);
			buildRules = (
			);
			dependencies = (
			);
			name = capstoneFinal1;
			productName = capstoneFinal1;
			productReference = 013AFF5E28BC0BD400189F0A /* capstoneFinal1.app */;
			productType = "com.apple.product-type.application";
		};
/* End PBXNativeTarget section */

/* Begin PBXProject section */
		013AFF5628BC0BD400189F0A /* Project object */ = {
			isa = PBXProject;
			attributes = {
				BuildIndependentTargetsInParallel = 1;
				LastSwiftUpdateCheck = 1340;
				LastUpgradeCheck = 1340;
				TargetAttributes = {
					013AFF5D28BC0BD400189F0A = {
						CreatedOnToolsVersion = 13.4.1;
					};
				};
			};
			buildConfigurationList = 013AFF5928BC0BD400189F0A /* Build configuration list for PBXProject "capstoneFinal1" */;
			compatibilityVersion = "Xcode 13.0";
			developmentRegion = en;
			hasScannedForEncodings = 0;
			knownRegions = (
				en,
				Base,
			);
			mainGroup = 013AFF5528BC0BD400189F0A;
			productRefGroup = 013AFF5F28BC0BD400189F0A /* Products */;
			projectDirPath = "";
			projectRoot = "";
			targets = (
				013AFF5D28BC0BD400189F0A /* capstoneFinal1 */,
			);
		};
/* End PBXProject section */

/* Begin PBXResourcesBuildPhase section */
		013AFF5C28BC0BD400189F0A /* Resources */ = {
			isa = PBXResourcesBuildPhase;
			buildActionMask = 2147483647;
			files = (
				013AFF6E28BC0BD500189F0A /* LaunchScreen.storyboard in Resources */,
				013AFF6B28BC0BD500189F0A /* Assets.xcassets in Resources */,
				013AFF6928BC0BD400189F0A /* Main.storyboard in Resources */,
			);
			runOnlyForDeploymentPostprocessing = 0;
		};
/* End PBXResourcesBuildPhase section */

/* Begin PBXSourcesBuildPhase section */
		013AFF5A28BC0BD400189F0A /* Sources */ = {
			isa = PBXSourcesBuildPhase;
			buildActionMask = 2147483647;
			files = (
				013AFF6628BC0BD400189F0A /* ViewController.swift in Sources */,
				01BBBAE028BD5A0A000B0C74 /* SecondTableViewController.swift in Sources */,
				01BBBAE228BD9226000B0C74 /* ToDoCell.swift in Sources */,
				013AFF6228BC0BD400189F0A /* AppDelegate.swift in Sources */,
				013AFF6428BC0BD400189F0A /* SceneDelegate.swift in Sources */,
				013AFF7628BC0D3800189F0A /* ToDo.swift in Sources */,
				013AFF7828BC11D300189F0A /* ToDoTableViewController.swift in Sources */,
			);
			runOnlyForDeploymentPostprocessing = 0;
		};
/* End PBXSourcesBuildPhase section */

/* Begin PBXVariantGroup section */
		013AFF6728BC0BD400189F0A /* Main.storyboard */ = {
			isa = PBXVariantGroup;
			children = (
				013AFF6828BC0BD400189F0A /* Base */,
			);
			name = Main.storyboard;
			sourceTree = "<group>";
		};
		013AFF6C28BC0BD500189F0A /* LaunchScreen.storyboard */ = {
			isa = PBXVariantGroup;
			children = (
				013AFF6D28BC0BD500189F0A /* Base */,
			);
			name = LaunchScreen.storyboard;
			sourceTree = "<group>";
		};
/* End PBXVariantGroup section */

/* Begin XCBuildConfiguration section */
		013AFF7028BC0BD500189F0A /* Debug */ = {
			isa = XCBuildConfiguration;
			buildSettings = {
				ALWAYS_SEARCH_USER_PATHS = NO;
				CLANG_ANALYZER_NONNULL = YES;
				CLANG_ANALYZER_NUMBER_OBJECT_CONVERSION = YES_AGGRESSIVE;
				CLANG_CXX_LANGUAGE_STANDARD = "gnu++17";
				CLANG_ENABLE_MODULES = YES;
				CLANG_ENABLE_OBJC_ARC = YES;
				CLANG_ENABLE_OBJC_WEAK = YES;
				CLANG_WARN_BLOCK_CAPTURE_AUTORELEASING = YES;
				CLANG_WARN_BOOL_CONVERSION = YES;
				CLANG_WARN_COMMA = YES;
				CLANG_WARN_CONSTANT_CONVERSION = YES;
				CLANG_WARN_DEPRECATED_OBJC_IMPLEMENTATIONS = YES;
				CLANG_WARN_DIRECT_OBJC_ISA_USAGE = YES_ERROR;
				CLANG_WARN_DOCUMENTATION_COMMENTS = YES;
				CLANG_WARN_EMPTY_BODY = YES;
				CLANG_WARN_ENUM_CONVERSION = YES;
				CLANG_WARN_INFINITE_RECURSION = YES;
				CLANG_WARN_INT_CONVERSION = YES;
				CLANG_WARN_NON_LITERAL_NULL_CONVERSION = YES;
				CLANG_WARN_OBJC_IMPLICIT_RETAIN_SELF = YES;
				CLANG_WARN_OBJC_LITERAL_CONVERSION = YES;
				CLANG_WARN_OBJC_ROOT_CLASS = YES_ERROR;
				CLANG_WARN_QUOTED_INCLUDE_IN_FRAMEWORK_HEADER = YES;
				CLANG_WARN_RANGE_LOOP_ANALYSIS = YES;
				CLANG_WARN_STRICT_PROTOTYPES = YES;
				CLANG_WARN_SUSPICIOUS_MOVE = YES;
				CLANG_WARN_UNGUARDED_AVAILABILITY = YES_AGGRESSIVE;
				CLANG_WARN_UNREACHABLE_CODE = YES;
				CLANG_WARN__DUPLICATE_METHOD_MATCH = YES;
				COPY_PHASE_STRIP = NO;
				DEBUG_INFORMATION_FORMAT = dwarf;
				ENABLE_STRICT_OBJC_MSGSEND = YES;
				ENABLE_TESTABILITY = YES;
				GCC_C_LANGUAGE_STANDARD = gnu11;
				GCC_DYNAMIC_NO_PIC = NO;
				GCC_NO_COMMON_BLOCKS = YES;
				GCC_OPTIMIZATION_LEVEL = 0;
				GCC_PREPROCESSOR_DEFINITIONS = (
					"DEBUG=1",
					"$(inherited)",
				);
				GCC_WARN_64_TO_32_BIT_CONVERSION = YES;
				GCC_WARN_ABOUT_RETURN_TYPE = YES_ERROR;
				GCC_WARN_UNDECLARED_SELECTOR = YES;
				GCC_WARN_UNINITIALIZED_AUTOS = YES_AGGRESSIVE;
				GCC_WARN_UNUSED_FUNCTION = YES;
				GCC_WARN_UNUSED_VARIABLE = YES;
				IPHONEOS_DEPLOYMENT_TARGET = 15.5;
				MTL_ENABLE_DEBUG_INFO = INCLUDE_SOURCE;
				MTL_FAST_MATH = YES;
				ONLY_ACTIVE_ARCH = YES;
				SDKROOT = iphoneos;
				SWIFT_ACTIVE_COMPILATION_CONDITIONS = DEBUG;
				SWIFT_OPTIMIZATION_LEVEL = "-Onone";
			};
			name = Debug;
		};
		013AFF7128BC0BD500189F0A /* Release */ = {
			isa = XCBuildConfiguration;
			buildSettings = {
				ALWAYS_SEARCH_USER_PATHS = NO;
				CLANG_ANALYZER_NONNULL = YES;
				CLANG_ANALYZER_NUMBER_OBJECT_CONVERSION = YES_AGGRESSIVE;
				CLANG_CXX_LANGUAGE_STANDARD = "gnu++17";
				CLANG_ENABLE_MODULES = YES;
				CLANG_ENABLE_OBJC_ARC = YES;
				CLANG_ENABLE_OBJC_WEAK = YES;
				CLANG_WARN_BLOCK_CAPTURE_AUTORELEASING = YES;
				CLANG_WARN_BOOL_CONVERSION = YES;
				CLANG_WARN_COMMA = YES;
				CLANG_WARN_CONSTANT_CONVERSION = YES;
				CLANG_WARN_DEPRECATED_OBJC_IMPLEMENTATIONS = YES;
				CLANG_WARN_DIRECT_OBJC_ISA_USAGE = YES_ERROR;
				CLANG_WARN_DOCUMENTATION_COMMENTS = YES;
				CLANG_WARN_EMPTY_BODY = YES;
				CLANG_WARN_ENUM_CONVERSION = YES;
				CLANG_WARN_INFINITE_RECURSION = YES;
				CLANG_WARN_INT_CONVERSION = YES;
				CLANG_WARN_NON_LITERAL_NULL_CONVERSION = YES;
				CLANG_WARN_OBJC_IMPLICIT_RETAIN_SELF = YES;
				CLANG_WARN_OBJC_LITERAL_CONVERSION = YES;
				CLANG_WARN_OBJC_ROOT_CLASS = YES_ERROR;
				CLANG_WARN_QUOTED_INCLUDE_IN_FRAMEWORK_HEADER = YES;
				CLANG_WARN_RANGE_LOOP_ANALYSIS = YES;
				CLANG_WARN_STRICT_PROTOTYPES = YES;
				CLANG_WARN_SUSPICIOUS_MOVE = YES;
				CLANG_WARN_UNGUARDED_AVAILABILITY = YES_AGGRESSIVE;
				CLANG_WARN_UNREACHABLE_CODE = YES;
				CLANG_WARN__DUPLICATE_METHOD_MATCH = YES;
				COPY_PHASE_STRIP = NO;
				DEBUG_INFORMATION_FORMAT = "dwarf-with-dsym";
				ENABLE_NS_ASSERTIONS = NO;
				ENABLE_STRICT_OBJC_MSGSEND = YES;
				GCC_C_LANGUAGE_STANDARD = gnu11;
				GCC_NO_COMMON_BLOCKS = YES;
				GCC_WARN_64_TO_32_BIT_CONVERSION = YES;
				GCC_WARN_ABOUT_RETURN_TYPE = YES_ERROR;
				GCC_WARN_UNDECLARED_SELECTOR = YES;
				GCC_WARN_UNINITIALIZED_AUTOS = YES_AGGRESSIVE;
				GCC_WARN_UNUSED_FUNCTION = YES;
				GCC_WARN_UNUSED_VARIABLE = YES;
				IPHONEOS_DEPLOYMENT_TARGET = 15.5;
				MTL_ENABLE_DEBUG_INFO = NO;
				MTL_FAST_MATH = YES;
				SDKROOT = iphoneos;
				SWIFT_COMPILATION_MODE = wholemodule;
				SWIFT_OPTIMIZATION_LEVEL = "-O";
				VALIDATE_PRODUCT = YES;
			};
			name = Release;
		};
		013AFF7328BC0BD500189F0A /* Debug */ = {
			isa = XCBuildConfiguration;
			buildSettings = {
				ASSETCATALOG_COMPILER_APPICON_NAME = AppIcon;
				ASSETCATALOG_COMPILER_GLOBAL_ACCENT_COLOR_NAME = AccentColor;
				CODE_SIGN_STYLE = Automatic;
				CURRENT_PROJECT_VERSION = 1;
				GENERATE_INFOPLIST_FILE = YES;
				INFOPLIST_FILE = capstoneFinal1/Info.plist;
				INFOPLIST_KEY_UIApplicationSupportsIndirectInputEvents = YES;
				INFOPLIST_KEY_UILaunchStoryboardName = LaunchScreen;
				INFOPLIST_KEY_UIMainStoryboardFile = Main;
				INFOPLIST_KEY_UISupportedInterfaceOrientations_iPad = "UIInterfaceOrientationPortrait UIInterfaceOrientationPortraitUpsideDown UIInterfaceOrientationLandscapeLeft UIInterfaceOrientationLandscapeRight";
				INFOPLIST_KEY_UISupportedInterfaceOrientations_iPhone = "UIInterfaceOrientationPortrait UIInterfaceOrientationLandscapeLeft UIInterfaceOrientationLandscapeRight";
				LD_RUNPATH_SEARCH_PATHS = (
					"$(inherited)",
					"@executable_path/Frameworks",
				);
				MARKETING_VERSION = 1.0;
				PRODUCT_BUNDLE_IDENTIFIER = HazalAlenazi.capstoneFinal1;
				PRODUCT_NAME = "$(TARGET_NAME)";
				SWIFT_EMIT_LOC_STRINGS = YES;
				SWIFT_VERSION = 5.0;
				TARGETED_DEVICE_FAMILY = "1,2";
			};
			name = Debug;
		};
		013AFF7428BC0BD500189F0A /* Release */ = {
			isa = XCBuildConfiguration;
			buildSettings = {
				ASSETCATALOG_COMPILER_APPICON_NAME = AppIcon;
				ASSETCATALOG_COMPILER_GLOBAL_ACCENT_COLOR_NAME = AccentColor;
				CODE_SIGN_STYLE = Automatic;
				CURRENT_PROJECT_VERSION = 1;
				GENERATE_INFOPLIST_FILE = YES;
				INFOPLIST_FILE = capstoneFinal1/Info.plist;
				INFOPLIST_KEY_UIApplicationSupportsIndirectInputEvents = YES;
				INFOPLIST_KEY_UILaunchStoryboardName = LaunchScreen;
				INFOPLIST_KEY_UIMainStoryboardFile = Main;
				INFOPLIST_KEY_UISupportedInterfaceOrientations_iPad = "UIInterfaceOrientationPortrait UIInterfaceOrientationPortraitUpsideDown UIInterfaceOrientationLandscapeLeft UIInterfaceOrientationLandscapeRight";
				INFOPLIST_KEY_UISupportedInterfaceOrientations_iPhone = "UIInterfaceOrientationPortrait UIInterfaceOrientationLandscapeLeft UIInterfaceOrientationLandscapeRight";
				LD_RUNPATH_SEARCH_PATHS = (
					"$(inherited)",
					"@executable_path/Frameworks",
				);
				MARKETING_VERSION = 1.0;
				PRODUCT_BUNDLE_IDENTIFIER = HazalAlenazi.capstoneFinal1;
				PRODUCT_NAME = "$(TARGET_NAME)";
				SWIFT_EMIT_LOC_STRINGS = YES;
				SWIFT_VERSION = 5.0;
				TARGETED_DEVICE_FAMILY = "1,2";
			};
			name = Release;
		};
/* End XCBuildConfiguration section */

/* Begin XCConfigurationList section */
		013AFF5928BC0BD400189F0A /* Build configuration list for PBXProject "capstoneFinal1" */ = {
			isa = XCConfigurationList;
			buildConfigurations = (
				013AFF7028BC0BD500189F0A /* Debug */,
				013AFF7128BC0BD500189F0A /* Release */,
			);
			defaultConfigurationIsVisible = 0;
			defaultConfigurationName = Release;
		};
		013AFF7228BC0BD500189F0A /* Build configuration list for PBXNativeTarget "capstoneFinal1" */ = {
			isa = XCConfigurationList;
			buildConfigurations = (
				013AFF7328BC0BD500189F0A /* Debug */,
				013AFF7428BC0BD500189F0A /* Release */,
			);
			defaultConfigurationIsVisible = 0;
			defaultConfigurationName = Release;
		};
/* End XCConfigurationList section */
	};
	rootObject = 013AFF5628BC0BD400189F0A /* Project object */;
}
