// !$*UTF8*$!
{
	archiveVersion = 1;
	classes = {
	};
	objectVersion = 55;
	objects = {

/* Begin PBXBuildFile section */
		BA0729C328BD27C9009F789B /* secondToDoTable.swift in Sources */ = {isa = PBXBuildFile; fileRef = BA0729C228BD27C9009F789B /* secondToDoTable.swift */; };
		BA0729C628BD3E5E009F789B /* IQKeyboardManagerSwift in Frameworks */ = {isa = PBXBuildFile; productRef = BA0729C528BD3E5E009F789B /* IQKeyboardManagerSwift */; };
		BA0729C828BD9AC7009F789B /* TableViewCell.swift in Sources */ = {isa = PBXBuildFile; fileRef = BA0729C728BD9AC7009F789B /* TableViewCell.swift */; };
		BA20344128BAAFA70091F8B4 /* AppDelegate.swift in Sources */ = {isa = PBXBuildFile; fileRef = BA20344028BAAFA70091F8B4 /* AppDelegate.swift */; };
		BA20344328BAAFA70091F8B4 /* SceneDelegate.swift in Sources */ = {isa = PBXBuildFile; fileRef = BA20344228BAAFA70091F8B4 /* SceneDelegate.swift */; };
		BA20344528BAAFA70091F8B4 /* ViewController.swift in Sources */ = {isa = PBXBuildFile; fileRef = BA20344428BAAFA70091F8B4 /* ViewController.swift */; };
		BA20344828BAAFA70091F8B4 /* Main.storyboard in Resources */ = {isa = PBXBuildFile; fileRef = BA20344628BAAFA70091F8B4 /* Main.storyboard */; };
		BA20344A28BAAFA80091F8B4 /* Assets.xcassets in Resources */ = {isa = PBXBuildFile; fileRef = BA20344928BAAFA80091F8B4 /* Assets.xcassets */; };
		BA20344D28BAAFA80091F8B4 /* LaunchScreen.storyboard in Resources */ = {isa = PBXBuildFile; fileRef = BA20344B28BAAFA80091F8B4 /* LaunchScreen.storyboard */; };
		BA2EE0FA28BC05F500519990 /* ToDo.swift in Sources */ = {isa = PBXBuildFile; fileRef = BA2EE0F928BC05F500519990 /* ToDo.swift */; };
		BA2EE0FC28BC145D00519990 /* ToDoTableViewController.swift in Sources */ = {isa = PBXBuildFile; fileRef = BA2EE0FB28BC145D00519990 /* ToDoTableViewController.swift */; };
/* End PBXBuildFile section */

/* Begin PBXFileReference section */
		BA0729C228BD27C9009F789B /* secondToDoTable.swift */ = {isa = PBXFileReference; lastKnownFileType = sourcecode.swift; path = secondToDoTable.swift; sourceTree = "<group>"; };
		BA0729C728BD9AC7009F789B /* TableViewCell.swift */ = {isa = PBXFileReference; lastKnownFileType = sourcecode.swift; path = TableViewCell.swift; sourceTree = "<group>"; };
		BA20343D28BAAFA70091F8B4 /* toDoList.app */ = {isa = PBXFileReference; explicitFileType = wrapper.application; includeInIndex = 0; path = toDoList.app; sourceTree = BUILT_PRODUCTS_DIR; };
		BA20344028BAAFA70091F8B4 /* AppDelegate.swift */ = {isa = PBXFileReference; lastKnownFileType = sourcecode.swift; path = AppDelegate.swift; sourceTree = "<group>"; };
		BA20344228BAAFA70091F8B4 /* SceneDelegate.swift */ = {isa = PBXFileReference; lastKnownFileType = sourcecode.swift; path = SceneDelegate.swift; sourceTree = "<group>"; };
		BA20344428BAAFA70091F8B4 /* ViewController.swift */ = {isa = PBXFileReference; lastKnownFileType = sourcecode.swift; path = ViewController.swift; sourceTree = "<group>"; };
		BA20344728BAAFA70091F8B4 /* Base */ = {isa = PBXFileReference; lastKnownFileType = file.storyboard; name = Base; path = Base.lproj/Main.storyboard; sourceTree = "<group>"; };
		BA20344928BAAFA80091F8B4 /* Assets.xcassets */ = {isa = PBXFileReference; lastKnownFileType = folder.assetcatalog; path = Assets.xcassets; sourceTree = "<group>"; };
		BA20344C28BAAFA80091F8B4 /* Base */ = {isa = PBXFileReference; lastKnownFileType = file.storyboard; name = Base; path = Base.lproj/LaunchScreen.storyboard; sourceTree = "<group>"; };
		BA20344E28BAAFA80091F8B4 /* Info.plist */ = {isa = PBXFileReference; lastKnownFileType = text.plist.xml; path = Info.plist; sourceTree = "<group>"; };
		BA2EE0F928BC05F500519990 /* ToDo.swift */ = {isa = PBXFileReference; lastKnownFileType = sourcecode.swift; path = ToDo.swift; sourceTree = "<group>"; };
		BA2EE0FB28BC145D00519990 /* ToDoTableViewController.swift */ = {isa = PBXFileReference; lastKnownFileType = sourcecode.swift; path = ToDoTableViewController.swift; sourceTree = "<group>"; };
/* End PBXFileReference section */

/* Begin PBXFrameworksBuildPhase section */
		BA20343A28BAAFA70091F8B4 /* Frameworks */ = {
			isa = PBXFrameworksBuildPhase;
			buildActionMask = 2147483647;
			files = (
				BA0729C628BD3E5E009F789B /* IQKeyboardManagerSwift in Frameworks */,
			);
			runOnlyForDeploymentPostprocessing = 0;
		};
/* End PBXFrameworksBuildPhase section */

/* Begin PBXGroup section */
		BA20343428BAAFA70091F8B4 = {
			isa = PBXGroup;
			children = (
				BA20343F28BAAFA70091F8B4 /* toDoList */,
				BA20343E28BAAFA70091F8B4 /* Products */,
			);
			sourceTree = "<group>";
		};
		BA20343E28BAAFA70091F8B4 /* Products */ = {
			isa = PBXGroup;
			children = (
				BA20343D28BAAFA70091F8B4 /* toDoList.app */,
			);
			name = Products;
			sourceTree = "<group>";
		};
		BA20343F28BAAFA70091F8B4 /* toDoList */ = {
			isa = PBXGroup;
			children = (
				BA0729C728BD9AC7009F789B /* TableViewCell.swift */,
				BA0729C228BD27C9009F789B /* secondToDoTable.swift */,
				BA2EE0FB28BC145D00519990 /* ToDoTableViewController.swift */,
				BA2EE0F928BC05F500519990 /* ToDo.swift */,
				BA20344028BAAFA70091F8B4 /* AppDelegate.swift */,
				BA20344228BAAFA70091F8B4 /* SceneDelegate.swift */,
				BA20344428BAAFA70091F8B4 /* ViewController.swift */,
				BA20344628BAAFA70091F8B4 /* Main.storyboard */,
				BA20344928BAAFA80091F8B4 /* Assets.xcassets */,
				BA20344B28BAAFA80091F8B4 /* LaunchScreen.storyboard */,
				BA20344E28BAAFA80091F8B4 /* Info.plist */,
			);
			path = toDoList;
			sourceTree = "<group>";
		};
/* End PBXGroup section */

/* Begin PBXNativeTarget section */
		BA20343C28BAAFA70091F8B4 /* toDoList */ = {
			isa = PBXNativeTarget;
			buildConfigurationList = BA20345128BAAFA80091F8B4 /* Build configuration list for PBXNativeTarget "toDoList" */;
			buildPhases = (
				BA20343928BAAFA70091F8B4 /* Sources */,
				BA20343A28BAAFA70091F8B4 /* Frameworks */,
				BA20343B28BAAFA70091F8B4 /* Resources */,
			);
			buildRules = (
			);
			dependencies = (
			);
			name = toDoList;
			packageProductDependencies = (
				BA0729C528BD3E5E009F789B /* IQKeyboardManagerSwift */,
			);
			productName = toDoList;
			productReference = BA20343D28BAAFA70091F8B4 /* toDoList.app */;
			productType = "com.apple.product-type.application";
		};
/* End PBXNativeTarget section */

/* Begin PBXProject section */
		BA20343528BAAFA70091F8B4 /* Project object */ = {
			isa = PBXProject;
			attributes = {
				BuildIndependentTargetsInParallel = 1;
				LastSwiftUpdateCheck = 1340;
				LastUpgradeCheck = 1340;
				TargetAttributes = {
					BA20343C28BAAFA70091F8B4 = {
						CreatedOnToolsVersion = 13.4.1;
					};
				};
			};
			buildConfigurationList = BA20343828BAAFA70091F8B4 /* Build configuration list for PBXProject "toDoList" */;
			compatibilityVersion = "Xcode 13.0";
			developmentRegion = en;
			hasScannedForEncodings = 0;
			knownRegions = (
				en,
				Base,
			);
			mainGroup = BA20343428BAAFA70091F8B4;
			packageReferences = (
				BA0729C428BD3E5E009F789B /* XCRemoteSwiftPackageReference "IQKeyboardManager" */,
			);
			productRefGroup = BA20343E28BAAFA70091F8B4 /* Products */;
			projectDirPath = "";
			projectRoot = "";
			targets = (
				BA20343C28BAAFA70091F8B4 /* toDoList */,
			);
		};
/* End PBXProject section */

/* Begin PBXResourcesBuildPhase section */
		BA20343B28BAAFA70091F8B4 /* Resources */ = {
			isa = PBXResourcesBuildPhase;
			buildActionMask = 2147483647;
			files = (
				BA20344D28BAAFA80091F8B4 /* LaunchScreen.storyboard in Resources */,
				BA20344A28BAAFA80091F8B4 /* Assets.xcassets in Resources */,
				BA20344828BAAFA70091F8B4 /* Main.storyboard in Resources */,
			);
			runOnlyForDeploymentPostprocessing = 0;
		};
/* End PBXResourcesBuildPhase section */

/* Begin PBXSourcesBuildPhase section */
		BA20343928BAAFA70091F8B4 /* Sources */ = {
			isa = PBXSourcesBuildPhase;
			buildActionMask = 2147483647;
			files = (
				BA20344528BAAFA70091F8B4 /* ViewController.swift in Sources */,
				BA2EE0FC28BC145D00519990 /* ToDoTableViewController.swift in Sources */,
				BA0729C328BD27C9009F789B /* secondToDoTable.swift in Sources */,
				BA20344128BAAFA70091F8B4 /* AppDelegate.swift in Sources */,
				BA20344328BAAFA70091F8B4 /* SceneDelegate.swift in Sources */,
				BA0729C828BD9AC7009F789B /* TableViewCell.swift in Sources */,
				BA2EE0FA28BC05F500519990 /* ToDo.swift in Sources */,
			);
			runOnlyForDeploymentPostprocessing = 0;
		};
/* End PBXSourcesBuildPhase section */

/* Begin PBXVariantGroup section */
		BA20344628BAAFA70091F8B4 /* Main.storyboard */ = {
			isa = PBXVariantGroup;
			children = (
				BA20344728BAAFA70091F8B4 /* Base */,
			);
			name = Main.storyboard;
			sourceTree = "<group>";
		};
		BA20344B28BAAFA80091F8B4 /* LaunchScreen.storyboard */ = {
			isa = PBXVariantGroup;
			children = (
				BA20344C28BAAFA80091F8B4 /* Base */,
			);
			name = LaunchScreen.storyboard;
			sourceTree = "<group>";
		};
/* End PBXVariantGroup section */

/* Begin XCBuildConfiguration section */
		BA20344F28BAAFA80091F8B4 /* Debug */ = {
			isa = XCBuildConfiguration;
			buildSettings = {
				ALWAYS_SEARCH_USER_PATHS = NO;
				CLANG_ANALYZER_NONNULL = YES;
				CLANG_ANALYZER_NUMBER_OBJECT_CONVERSION = YES_AGGRESSIVE;
				CLANG_CXX_LANGUAGE_STANDARD = "gnu++17";
				CLANG_ENABLE_MODULES = YES;
				CLANG_ENABLE_OBJC_ARC = YES;
				CLANG_ENABLE_OBJC_WEAK = YES;
				CLANG_WARN_BLOCK_CAPTURE_AUTORELEASING = YES;
				CLANG_WARN_BOOL_CONVERSION = YES;
				CLANG_WARN_COMMA = YES;
				CLANG_WARN_CONSTANT_CONVERSION = YES;
				CLANG_WARN_DEPRECATED_OBJC_IMPLEMENTATIONS = YES;
				CLANG_WARN_DIRECT_OBJC_ISA_USAGE = YES_ERROR;
				CLANG_WARN_DOCUMENTATION_COMMENTS = YES;
				CLANG_WARN_EMPTY_BODY = YES;
				CLANG_WARN_ENUM_CONVERSION = YES;
				CLANG_WARN_INFINITE_RECURSION = YES;
				CLANG_WARN_INT_CONVERSION = YES;
				CLANG_WARN_NON_LITERAL_NULL_CONVERSION = YES;
				CLANG_WARN_OBJC_IMPLICIT_RETAIN_SELF = YES;
				CLANG_WARN_OBJC_LITERAL_CONVERSION = YES;
				CLANG_WARN_OBJC_ROOT_CLASS = YES_ERROR;
				CLANG_WARN_QUOTED_INCLUDE_IN_FRAMEWORK_HEADER = YES;
				CLANG_WARN_RANGE_LOOP_ANALYSIS = YES;
				CLANG_WARN_STRICT_PROTOTYPES = YES;
				CLANG_WARN_SUSPICIOUS_MOVE = YES;
				CLANG_WARN_UNGUARDED_AVAILABILITY = YES_AGGRESSIVE;
				CLANG_WARN_UNREACHABLE_CODE = YES;
				CLANG_WARN__DUPLICATE_METHOD_MATCH = YES;
				COPY_PHASE_STRIP = NO;
				DEBUG_INFORMATION_FORMAT = dwarf;
				ENABLE_STRICT_OBJC_MSGSEND = YES;
				ENABLE_TESTABILITY = YES;
				GCC_C_LANGUAGE_STANDARD = gnu11;
				GCC_DYNAMIC_NO_PIC = NO;
				GCC_NO_COMMON_BLOCKS = YES;
				GCC_OPTIMIZATION_LEVEL = 0;
				GCC_PREPROCESSOR_DEFINITIONS = (
					"DEBUG=1",
					"$(inherited)",
				);
				GCC_WARN_64_TO_32_BIT_CONVERSION = YES;
				GCC_WARN_ABOUT_RETURN_TYPE = YES_ERROR;
				GCC_WARN_UNDECLARED_SELECTOR = YES;
				GCC_WARN_UNINITIALIZED_AUTOS = YES_AGGRESSIVE;
				GCC_WARN_UNUSED_FUNCTION = YES;
				GCC_WARN_UNUSED_VARIABLE = YES;
				IPHONEOS_DEPLOYMENT_TARGET = 15.5;
				MTL_ENABLE_DEBUG_INFO = INCLUDE_SOURCE;
				MTL_FAST_MATH = YES;
				ONLY_ACTIVE_ARCH = YES;
				SDKROOT = iphoneos;
				SWIFT_ACTIVE_COMPILATION_CONDITIONS = DEBUG;
				SWIFT_OPTIMIZATION_LEVEL = "-Onone";
			};
			name = Debug;
		};
		BA20345028BAAFA80091F8B4 /* Release */ = {
			isa = XCBuildConfiguration;
			buildSettings = {
				ALWAYS_SEARCH_USER_PATHS = NO;
				CLANG_ANALYZER_NONNULL = YES;
				CLANG_ANALYZER_NUMBER_OBJECT_CONVERSION = YES_AGGRESSIVE;
				CLANG_CXX_LANGUAGE_STANDARD = "gnu++17";
				CLANG_ENABLE_MODULES = YES;
				CLANG_ENABLE_OBJC_ARC = YES;
				CLANG_ENABLE_OBJC_WEAK = YES;
				CLANG_WARN_BLOCK_CAPTURE_AUTORELEASING = YES;
				CLANG_WARN_BOOL_CONVERSION = YES;
				CLANG_WARN_COMMA = YES;
				CLANG_WARN_CONSTANT_CONVERSION = YES;
				CLANG_WARN_DEPRECATED_OBJC_IMPLEMENTATIONS = YES;
				CLANG_WARN_DIRECT_OBJC_ISA_USAGE = YES_ERROR;
				CLANG_WARN_DOCUMENTATION_COMMENTS = YES;
				CLANG_WARN_EMPTY_BODY = YES;
				CLANG_WARN_ENUM_CONVERSION = YES;
				CLANG_WARN_INFINITE_RECURSION = YES;
				CLANG_WARN_INT_CONVERSION = YES;
				CLANG_WARN_NON_LITERAL_NULL_CONVERSION = YES;
				CLANG_WARN_OBJC_IMPLICIT_RETAIN_SELF = YES;
				CLANG_WARN_OBJC_LITERAL_CONVERSION = YES;
				CLANG_WARN_OBJC_ROOT_CLASS = YES_ERROR;
				CLANG_WARN_QUOTED_INCLUDE_IN_FRAMEWORK_HEADER = YES;
				CLANG_WARN_RANGE_LOOP_ANALYSIS = YES;
				CLANG_WARN_STRICT_PROTOTYPES = YES;
				CLANG_WARN_SUSPICIOUS_MOVE = YES;
				CLANG_WARN_UNGUARDED_AVAILABILITY = YES_AGGRESSIVE;
				CLANG_WARN_UNREACHABLE_CODE = YES;
				CLANG_WARN__DUPLICATE_METHOD_MATCH = YES;
				COPY_PHASE_STRIP = NO;
				DEBUG_INFORMATION_FORMAT = "dwarf-with-dsym";
				ENABLE_NS_ASSERTIONS = NO;
				ENABLE_STRICT_OBJC_MSGSEND = YES;
				GCC_C_LANGUAGE_STANDARD = gnu11;
				GCC_NO_COMMON_BLOCKS = YES;
				GCC_WARN_64_TO_32_BIT_CONVERSION = YES;
				GCC_WARN_ABOUT_RETURN_TYPE = YES_ERROR;
				GCC_WARN_UNDECLARED_SELECTOR = YES;
				GCC_WARN_UNINITIALIZED_AUTOS = YES_AGGRESSIVE;
				GCC_WARN_UNUSED_FUNCTION = YES;
				GCC_WARN_UNUSED_VARIABLE = YES;
				IPHONEOS_DEPLOYMENT_TARGET = 15.5;
				MTL_ENABLE_DEBUG_INFO = NO;
				MTL_FAST_MATH = YES;
				SDKROOT = iphoneos;
				SWIFT_COMPILATION_MODE = wholemodule;
				SWIFT_OPTIMIZATION_LEVEL = "-O";
				VALIDATE_PRODUCT = YES;
			};
			name = Release;
		};
		BA20345228BAAFA80091F8B4 /* Debug */ = {
			isa = XCBuildConfiguration;
			buildSettings = {
				ASSETCATALOG_COMPILER_APPICON_NAME = AppIcon;
				ASSETCATALOG_COMPILER_GLOBAL_ACCENT_COLOR_NAME = AccentColor;
				CODE_SIGN_STYLE = Automatic;
				CURRENT_PROJECT_VERSION = 1;
				DEVELOPMENT_TEAM = N8TQ3KB27Z;
				GENERATE_INFOPLIST_FILE = YES;
				INFOPLIST_FILE = toDoList/Info.plist;
				INFOPLIST_KEY_UIApplicationSupportsIndirectInputEvents = YES;
				INFOPLIST_KEY_UILaunchStoryboardName = LaunchScreen;
				INFOPLIST_KEY_UIMainStoryboardFile = Main;
				INFOPLIST_KEY_UISupportedInterfaceOrientations_iPad = "UIInterfaceOrientationPortrait UIInterfaceOrientationPortraitUpsideDown UIInterfaceOrientationLandscapeLeft UIInterfaceOrientationLandscapeRight";
				INFOPLIST_KEY_UISupportedInterfaceOrientations_iPhone = "UIInterfaceOrientationPortrait UIInterfaceOrientationLandscapeLeft UIInterfaceOrientationLandscapeRight";
				LD_RUNPATH_SEARCH_PATHS = (
					"$(inherited)",
					"@executable_path/Frameworks",
				);
				MARKETING_VERSION = 1.0;
				PRODUCT_BUNDLE_IDENTIFIER = example.toDoList;
				PRODUCT_NAME = "$(TARGET_NAME)";
				SWIFT_EMIT_LOC_STRINGS = YES;
				SWIFT_VERSION = 5.0;
				TARGETED_DEVICE_FAMILY = "1,2";
			};
			name = Debug;
		};
		BA20345328BAAFA80091F8B4 /* Release */ = {
			isa = XCBuildConfiguration;
			buildSettings = {
				ASSETCATALOG_COMPILER_APPICON_NAME = AppIcon;
				ASSETCATALOG_COMPILER_GLOBAL_ACCENT_COLOR_NAME = AccentColor;
				CODE_SIGN_STYLE = Automatic;
				CURRENT_PROJECT_VERSION = 1;
				DEVELOPMENT_TEAM = N8TQ3KB27Z;
				GENERATE_INFOPLIST_FILE = YES;
				INFOPLIST_FILE = toDoList/Info.plist;
				INFOPLIST_KEY_UIApplicationSupportsIndirectInputEvents = YES;
				INFOPLIST_KEY_UILaunchStoryboardName = LaunchScreen;
				INFOPLIST_KEY_UIMainStoryboardFile = Main;
				INFOPLIST_KEY_UISupportedInterfaceOrientations_iPad = "UIInterfaceOrientationPortrait UIInterfaceOrientationPortraitUpsideDown UIInterfaceOrientationLandscapeLeft UIInterfaceOrientationLandscapeRight";
				INFOPLIST_KEY_UISupportedInterfaceOrientations_iPhone = "UIInterfaceOrientationPortrait UIInterfaceOrientationLandscapeLeft UIInterfaceOrientationLandscapeRight";
				LD_RUNPATH_SEARCH_PATHS = (
					"$(inherited)",
					"@executable_path/Frameworks",
				);
				MARKETING_VERSION = 1.0;
				PRODUCT_BUNDLE_IDENTIFIER = example.toDoList;
				PRODUCT_NAME = "$(TARGET_NAME)";
				SWIFT_EMIT_LOC_STRINGS = YES;
				SWIFT_VERSION = 5.0;
				TARGETED_DEVICE_FAMILY = "1,2";
			};
			name = Release;
		};
/* End XCBuildConfiguration section */

/* Begin XCConfigurationList section */
		BA20343828BAAFA70091F8B4 /* Build configuration list for PBXProject "toDoList" */ = {
			isa = XCConfigurationList;
			buildConfigurations = (
				BA20344F28BAAFA80091F8B4 /* Debug */,
				BA20345028BAAFA80091F8B4 /* Release */,
			);
			defaultConfigurationIsVisible = 0;
			defaultConfigurationName = Release;
		};
		BA20345128BAAFA80091F8B4 /* Build configuration list for PBXNativeTarget "toDoList" */ = {
			isa = XCConfigurationList;
			buildConfigurations = (
				BA20345228BAAFA80091F8B4 /* Debug */,
				BA20345328BAAFA80091F8B4 /* Release */,
			);
			defaultConfigurationIsVisible = 0;
			defaultConfigurationName = Release;
		};
/* End XCConfigurationList section */

/* Begin XCRemoteSwiftPackageReference section */
		BA0729C428BD3E5E009F789B /* XCRemoteSwiftPackageReference "IQKeyboardManager" */ = {
			isa = XCRemoteSwiftPackageReference;
			repositoryURL = "https://github.com/hackiftekhar/IQKeyboardManager.git";
			requirement = {
				branch = master;
				kind = branch;
			};
		};
/* End XCRemoteSwiftPackageReference section */

/* Begin XCSwiftPackageProductDependency section */
		BA0729C528BD3E5E009F789B /* IQKeyboardManagerSwift */ = {
			isa = XCSwiftPackageProductDependency;
			package = BA0729C428BD3E5E009F789B /* XCRemoteSwiftPackageReference "IQKeyboardManager" */;
			productName = IQKeyboardManagerSwift;
		};
/* End XCSwiftPackageProductDependency section */
	};
	rootObject = BA20343528BAAFA70091F8B4 /* Project object */;
}
